
Microsoft Visual Studio Solution File, Format Version 12.00
# Visual Studio Version 17
VisualStudioVersion = 17.3.32922.545
MinimumVisualStudioVersion = 10.0.40219.1
Project("{FAE04EC0-301F-11D3-BF4B-00C04F79EFBC}") = "Vorlesung2", "Vorlesung2\Vorlesung2.csproj", "{FAF3A311-0791-4AD6-90C0-192AD98BE94B}"
EndProject
Project("{FAE04EC0-301F-11D3-BF4B-00C04F79EFBC}") = "Bruchrechnung", "Bruchrechnung\Bruchrechnung.csproj", "{336B5B04-ED51-4291-B313-17FFF706DC6C}"
EndProject
Global
	GlobalSection(SolutionConfigurationPlatforms) = preSolution
		Debug|Any CPU = Debug|Any CPU
		Release|Any CPU = Release|Any CPU
	EndGlobalSection
	GlobalSection(ProjectConfigurationPlatforms) = postSolution
		{FAF3A311-0791-4AD6-90C0-192AD98BE94B}.Debug|Any CPU.ActiveCfg = Debug|Any CPU
		{FAF3A311-0791-4AD6-90C0-192AD98BE94B}.Debug|Any CPU.Build.0 = Debug|Any CPU
		{FAF3A311-0791-4AD6-90C0-192AD98BE94B}.Release|Any CPU.ActiveCfg = Release|Any CPU
		{FAF3A311-0791-4AD6-90C0-192AD98BE94B}.Release|Any CPU.Build.0 = Release|Any CPU
		{336B5B04-ED51-4291-B313-17FFF706DC6C}.Debug|Any CPU.ActiveCfg = Debug|Any CPU
		{336B5B04-ED51-4291-B313-17FFF706DC6C}.Debug|Any CPU.Build.0 = Debug|Any CPU
		{336B5B04-ED51-4291-B313-17FFF706DC6C}.Release|Any CPU.ActiveCfg = Release|Any CPU
		{336B5B04-ED51-4291-B313-17FFF706DC6C}.Release|Any CPU.Build.0 = Release|Any CPU
	EndGlobalSection
	GlobalSection(SolutionProperties) = preSolution
		HideSolutionNode = FALSE
	EndGlobalSection
	GlobalSection(ExtensibilityGlobals) = postSolution
		SolutionGuid = {451D43AC-4E5A-44A3-A550-F212A02E5033}
	EndGlobalSection
EndGlobal
