
Microsoft Visual Studio Solution File, Format Version 12.00
# Visual Studio Version 17
VisualStudioVersion = 17.3.32922.545
MinimumVisualStudioVersion = 10.0.40219.1
Project("{FAE04EC0-301F-11D3-BF4B-00C04F79EFBC}") = "Vorlesung3", "Vorlesung3\Vorlesung3.csproj", "{95A39F0A-FB70-4173-92EC-2C4E73CD7A5E}"
EndProject
Global
	GlobalSection(SolutionConfigurationPlatforms) = preSolution
		Debug|Any CPU = Debug|Any CPU
		Release|Any CPU = Release|Any CPU
	EndGlobalSection
	GlobalSection(ProjectConfigurationPlatforms) = postSolution
		{95A39F0A-FB70-4173-92EC-2C4E73CD7A5E}.Debug|Any CPU.ActiveCfg = Debug|Any CPU
		{95A39F0A-FB70-4173-92EC-2C4E73CD7A5E}.Debug|Any CPU.Build.0 = Debug|Any CPU
		{95A39F0A-FB70-4173-92EC-2C4E73CD7A5E}.Release|Any CPU.ActiveCfg = Release|Any CPU
		{95A39F0A-FB70-4173-92EC-2C4E73CD7A5E}.Release|Any CPU.Build.0 = Release|Any CPU
	EndGlobalSection
	GlobalSection(SolutionProperties) = preSolution
		HideSolutionNode = FALSE
	EndGlobalSection
	GlobalSection(ExtensibilityGlobals) = postSolution
		SolutionGuid = {9575912D-A1E0-48A0-A8E3-BC2CC79E62FE}
	EndGlobalSection
EndGlobal
